
Microsoft Visual Studio Solution File, Format Version 12.00
# Visual Studio Version 16
VisualStudioVersion = 16.0.33130.400
MinimumVisualStudioVersion = 10.0.40219.1
Project("{FAE04EC0-301F-11D3-BF4B-00C04F79EFBC}") = "Calculator", "Calculator.csproj", "{E7AA8205-C8B3-498B-B53E-2AFDA0CAD30F}"
EndProject
Project("{FAE04EC0-301F-11D3-BF4B-00C04F79EFBC}") = "assignment1", "..\..\..\Desktop\Assignments\assignment1\assignment1.csproj", "{C4A059F3-9BBB-412D-8C29-DA68284A87D4}"
EndProject
Project("{FAE04EC0-301F-11D3-BF4B-00C04F79EFBC}") = "assignments1a", "..\assignments1a\assignments1a.csproj", "{07D4513F-0F53-4E50-8EF6-B889CC018253}"
EndProject
Project("{FAE04EC0-301F-11D3-BF4B-00C04F79EFBC}") = "assignment1b", "..\assignment1b\assignment1b.csproj", "{ABC6540D-AA97-48A5-856A-3B4CE6B906D9}"
EndProject
Project("{FAE04EC0-301F-11D3-BF4B-00C04F79EFBC}") = "assignment1c", "..\assignment1c\assignment1c.csproj", "{1B9A64D8-93B7-4D41-944E-ABDF9EB342CF}"
EndProject
Project("{FAE04EC0-301F-11D3-BF4B-00C04F79EFBC}") = "assignment1d", "..\assignment1d\assignment1d.csproj", "{5E8FAB01-71CE-4760-8A8C-9397A6C1CE2C}"
EndProject
Global
	GlobalSection(SolutionConfigurationPlatforms) = preSolution
		Debug|Any CPU = Debug|Any CPU
		Release|Any CPU = Release|Any CPU
	EndGlobalSection
	GlobalSection(ProjectConfigurationPlatforms) = postSolution
		{E7AA8205-C8B3-498B-B53E-2AFDA0CAD30F}.Debug|Any CPU.ActiveCfg = Debug|Any CPU
		{E7AA8205-C8B3-498B-B53E-2AFDA0CAD30F}.Debug|Any CPU.Build.0 = Debug|Any CPU
		{E7AA8205-C8B3-498B-B53E-2AFDA0CAD30F}.Release|Any CPU.ActiveCfg = Release|Any CPU
		{E7AA8205-C8B3-498B-B53E-2AFDA0CAD30F}.Release|Any CPU.Build.0 = Release|Any CPU
		{C4A059F3-9BBB-412D-8C29-DA68284A87D4}.Debug|Any CPU.ActiveCfg = Debug|Any CPU
		{C4A059F3-9BBB-412D-8C29-DA68284A87D4}.Debug|Any CPU.Build.0 = Debug|Any CPU
		{C4A059F3-9BBB-412D-8C29-DA68284A87D4}.Release|Any CPU.ActiveCfg = Release|Any CPU
		{C4A059F3-9BBB-412D-8C29-DA68284A87D4}.Release|Any CPU.Build.0 = Release|Any CPU
		{07D4513F-0F53-4E50-8EF6-B889CC018253}.Debug|Any CPU.ActiveCfg = Debug|Any CPU
		{07D4513F-0F53-4E50-8EF6-B889CC018253}.Debug|Any CPU.Build.0 = Debug|Any CPU
		{07D4513F-0F53-4E50-8EF6-B889CC018253}.Release|Any CPU.ActiveCfg = Release|Any CPU
		{07D4513F-0F53-4E50-8EF6-B889CC018253}.Release|Any CPU.Build.0 = Release|Any CPU
		{ABC6540D-AA97-48A5-856A-3B4CE6B906D9}.Debug|Any CPU.ActiveCfg = Debug|Any CPU
		{ABC6540D-AA97-48A5-856A-3B4CE6B906D9}.Debug|Any CPU.Build.0 = Debug|Any CPU
		{ABC6540D-AA97-48A5-856A-3B4CE6B906D9}.Release|Any CPU.ActiveCfg = Release|Any CPU
		{ABC6540D-AA97-48A5-856A-3B4CE6B906D9}.Release|Any CPU.Build.0 = Release|Any CPU
		{1B9A64D8-93B7-4D41-944E-ABDF9EB342CF}.Debug|Any CPU.ActiveCfg = Debug|Any CPU
		{1B9A64D8-93B7-4D41-944E-ABDF9EB342CF}.Debug|Any CPU.Build.0 = Debug|Any CPU
		{1B9A64D8-93B7-4D41-944E-ABDF9EB342CF}.Release|Any CPU.ActiveCfg = Release|Any CPU
		{1B9A64D8-93B7-4D41-944E-ABDF9EB342CF}.Release|Any CPU.Build.0 = Release|Any CPU
		{5E8FAB01-71CE-4760-8A8C-9397A6C1CE2C}.Debug|Any CPU.ActiveCfg = Debug|Any CPU
		{5E8FAB01-71CE-4760-8A8C-9397A6C1CE2C}.Debug|Any CPU.Build.0 = Debug|Any CPU
		{5E8FAB01-71CE-4760-8A8C-9397A6C1CE2C}.Release|Any CPU.ActiveCfg = Release|Any CPU
		{5E8FAB01-71CE-4760-8A8C-9397A6C1CE2C}.Release|Any CPU.Build.0 = Release|Any CPU
	EndGlobalSection
	GlobalSection(SolutionProperties) = preSolution
		HideSolutionNode = FALSE
	EndGlobalSection
	GlobalSection(ExtensibilityGlobals) = postSolution
		SolutionGuid = {172B5A60-5AF1-43F2-BDD7-8603FEECAEC8}
	EndGlobalSection
EndGlobal
